// !$*UTF8*$!
{
	archiveVersion = 1;
	classes = {
	};
	objectVersion = 46;
	objects = {

/* Begin PBXBuildFile section */
		E45BBA121C945576007ACDF3 /* main.m in Sources */ = {isa = PBXBuildFile; fileRef = E45BBA111C945576007ACDF3 /* main.m */; };
		E45BBA151C945576007ACDF3 /* AppDelegate.m in Sources */ = {isa = PBXBuildFile; fileRef = E45BBA141C945576007ACDF3 /* AppDelegate.m */; };
		E45BBA181C945576007ACDF3 /* ViewController.m in Sources */ = {isa = PBXBuildFile; fileRef = E45BBA171C945576007ACDF3 /* ViewController.m */; };
		E45BBA1B1C945576007ACDF3 /* Main.storyboard in Resources */ = {isa = PBXBuildFile; fileRef = E45BBA191C945576007ACDF3 /* Main.storyboard */; };
		E45BBA1D1C945576007ACDF3 /* Assets.xcassets in Resources */ = {isa = PBXBuildFile; fileRef = E45BBA1C1C945576007ACDF3 /* Assets.xcassets */; };
		E45BBA201C945576007ACDF3 /* LaunchScreen.storyboard in Resources */ = {isa = PBXBuildFile; fileRef = E45BBA1E1C945576007ACDF3 /* LaunchScreen.storyboard */; };
		E45BBA2B1C945576007ACDF3 /* HZMusicPlayerTests.m in Sources */ = {isa = PBXBuildFile; fileRef = E45BBA2A1C945576007ACDF3 /* HZMusicPlayerTests.m */; };
		E45BBA361C945576007ACDF3 /* HZMusicPlayerUITests.m in Sources */ = {isa = PBXBuildFile; fileRef = E45BBA351C945576007ACDF3 /* HZMusicPlayerUITests.m */; };
/* End PBXBuildFile section */

/* Begin PBXContainerItemProxy section */
		E45BBA271C945576007ACDF3 /* PBXContainerItemProxy */ = {
			isa = PBXContainerItemProxy;
			containerPortal = E45BBA051C945576007ACDF3 /* Project object */;
			proxyType = 1;
			remoteGlobalIDString = E45BBA0C1C945576007ACDF3;
			remoteInfo = HZMusicPlayer;
		};
		E45BBA321C945576007ACDF3 /* PBXContainerItemProxy */ = {
			isa = PBXContainerItemProxy;
			containerPortal = E45BBA051C945576007ACDF3 /* Project object */;
			proxyType = 1;
			remoteGlobalIDString = E45BBA0C1C945576007ACDF3;
			remoteInfo = HZMusicPlayer;
		};
/* End PBXContainerItemProxy section */

/* Begin PBXFileReference section */
		E45BBA0D1C945576007ACDF3 /* HZMusicPlayer.app */ = {isa = PBXFileReference; explicitFileType = wrapper.application; includeInIndex = 0; path = HZMusicPlayer.app; sourceTree = BUILT_PRODUCTS_DIR; };
		E45BBA111C945576007ACDF3 /* main.m */ = {isa = PBXFileReference; lastKnownFileType = sourcecode.c.objc; path = main.m; sourceTree = "<group>"; };
		E45BBA131C945576007ACDF3 /* AppDelegate.h */ = {isa = PBXFileReference; lastKnownFileType = sourcecode.c.h; path = AppDelegate.h; sourceTree = "<group>"; };
		E45BBA141C945576007ACDF3 /* AppDelegate.m */ = {isa = PBXFileReference; lastKnownFileType = sourcecode.c.objc; path = AppDelegate.m; sourceTree = "<group>"; };
		E45BBA161C945576007ACDF3 /* ViewController.h */ = {isa = PBXFileReference; lastKnownFileType = sourcecode.c.h; path = ViewController.h; sourceTree = "<group>"; };
		E45BBA171C945576007ACDF3 /* ViewController.m */ = {isa = PBXFileReference; lastKnownFileType = sourcecode.c.objc; path = ViewController.m; sourceTree = "<group>"; };
		E45BBA1A1C945576007ACDF3 /* Base */ = {isa = PBXFileReference; lastKnownFileType = file.storyboard; name = Base; path = Base.lproj/Main.storyboard; sourceTree = "<group>"; };
		E45BBA1C1C945576007ACDF3 /* Assets.xcassets */ = {isa = PBXFileReference; lastKnownFileType = folder.assetcatalog; path = Assets.xcassets; sourceTree = "<group>"; };
		E45BBA1F1C945576007ACDF3 /* Base */ = {isa = PBXFileReference; lastKnownFileType = file.storyboard; name = Base; path = Base.lproj/LaunchScreen.storyboard; sourceTree = "<group>"; };
		E45BBA211C945576007ACDF3 /* Info.plist */ = {isa = PBXFileReference; lastKnownFileType = text.plist.xml; path = Info.plist; sourceTree = "<group>"; };
		E45BBA261C945576007ACDF3 /* HZMusicPlayerTests.xctest */ = {isa = PBXFileReference; explicitFileType = wrapper.cfbundle; includeInIndex = 0; path = HZMusicPlayerTests.xctest; sourceTree = BUILT_PRODUCTS_DIR; };
		E45BBA2A1C945576007ACDF3 /* HZMusicPlayerTests.m */ = {isa = PBXFileReference; lastKnownFileType = sourcecode.c.objc; path = HZMusicPlayerTests.m; sourceTree = "<group>"; };
		E45BBA2C1C945576007ACDF3 /* Info.plist */ = {isa = PBXFileReference; lastKnownFileType = text.plist.xml; path = Info.plist; sourceTree = "<group>"; };
		E45BBA311C945576007ACDF3 /* HZMusicPlayerUITests.xctest */ = {isa = PBXFileReference; explicitFileType = wrapper.cfbundle; includeInIndex = 0; path = HZMusicPlayerUITests.xctest; sourceTree = BUILT_PRODUCTS_DIR; };
		E45BBA351C945576007ACDF3 /* HZMusicPlayerUITests.m */ = {isa = PBXFileReference; lastKnownFileType = sourcecode.c.objc; path = HZMusicPlayerUITests.m; sourceTree = "<group>"; };
		E45BBA371C945576007ACDF3 /* Info.plist */ = {isa = PBXFileReference; lastKnownFileType = text.plist.xml; path = Info.plist; sourceTree = "<group>"; };
/* End PBXFileReference section */

/* Begin PBXFrameworksBuildPhase section */
		E45BBA0A1C945576007ACDF3 /* Frameworks */ = {
			isa = PBXFrameworksBuildPhase;
			buildActionMask = 2147483647;
			files = (
			);
			runOnlyForDeploymentPostprocessing = 0;
		};
		E45BBA231C945576007ACDF3 /* Frameworks */ = {
			isa = PBXFrameworksBuildPhase;
			buildActionMask = 2147483647;
			files = (
			);
			runOnlyForDeploymentPostprocessing = 0;
		};
		E45BBA2E1C945576007ACDF3 /* Frameworks */ = {
			isa = PBXFrameworksBuildPhase;
			buildActionMask = 2147483647;
			files = (
			);
			runOnlyForDeploymentPostprocessing = 0;
		};
/* End PBXFrameworksBuildPhase section */

/* Begin PBXGroup section */
		E45BBA041C945576007ACDF3 = {
			isa = PBXGroup;
			children = (
				E45BBA0F1C945576007ACDF3 /* HZMusicPlayer */,
				E45BBA291C945576007ACDF3 /* HZMusicPlayerTests */,
				E45BBA341C945576007ACDF3 /* HZMusicPlayerUITests */,
				E45BBA0E1C945576007ACDF3 /* Products */,
			);
			sourceTree = "<group>";
		};
		E45BBA0E1C945576007ACDF3 /* Products */ = {
			isa = PBXGroup;
			children = (
				E45BBA0D1C945576007ACDF3 /* HZMusicPlayer.app */,
				E45BBA261C945576007ACDF3 /* HZMusicPlayerTests.xctest */,
				E45BBA311C945576007ACDF3 /* HZMusicPlayerUITests.xctest */,
			);
			name = Products;
			sourceTree = "<group>";
		};
		E45BBA0F1C945576007ACDF3 /* HZMusicPlayer */ = {
			isa = PBXGroup;
			children = (
				E45BBA131C945576007ACDF3 /* AppDelegate.h */,
				E45BBA141C945576007ACDF3 /* AppDelegate.m */,
				E45BBA161C945576007ACDF3 /* ViewController.h */,
				E45BBA171C945576007ACDF3 /* ViewController.m */,
				E45BBA191C945576007ACDF3 /* Main.storyboard */,
				E45BBA1C1C945576007ACDF3 /* Assets.xcassets */,
				E45BBA1E1C945576007ACDF3 /* LaunchScreen.storyboard */,
				E45BBA211C945576007ACDF3 /* Info.plist */,
				E45BBA101C945576007ACDF3 /* Supporting Files */,
			);
			path = HZMusicPlayer;
			sourceTree = "<group>";
		};
		E45BBA101C945576007ACDF3 /* Supporting Files */ = {
			isa = PBXGroup;
			children = (
				E45BBA111C945576007ACDF3 /* main.m */,
			);
			name = "Supporting Files";
			sourceTree = "<group>";
		};
		E45BBA291C945576007ACDF3 /* HZMusicPlayerTests */ = {
			isa = PBXGroup;
			children = (
				E45BBA2A1C945576007ACDF3 /* HZMusicPlayerTests.m */,
				E45BBA2C1C945576007ACDF3 /* Info.plist */,
			);
			path = HZMusicPlayerTests;
			sourceTree = "<group>";
		};
		E45BBA341C945576007ACDF3 /* HZMusicPlayerUITests */ = {
			isa = PBXGroup;
			children = (
				E45BBA351C945576007ACDF3 /* HZMusicPlayerUITests.m */,
				E45BBA371C945576007ACDF3 /* Info.plist */,
			);
			path = HZMusicPlayerUITests;
			sourceTree = "<group>";
		};
/* End PBXGroup section */

/* Begin PBXNativeTarget section */
		E45BBA0C1C945576007ACDF3 /* HZMusicPlayer */ = {
			isa = PBXNativeTarget;
			buildConfigurationList = E45BBA3A1C945576007ACDF3 /* Build configuration list for PBXNativeTarget "HZMusicPlayer" */;
			buildPhases = (
				E45BBA091C945576007ACDF3 /* Sources */,
				E45BBA0A1C945576007ACDF3 /* Frameworks */,
				E45BBA0B1C945576007ACDF3 /* Resources */,
			);
			buildRules = (
			);
			dependencies = (
			);
			name = HZMusicPlayer;
			productName = HZMusicPlayer;
			productReference = E45BBA0D1C945576007ACDF3 /* HZMusicPlayer.app */;
			productType = "com.apple.product-type.application";
		};
		E45BBA251C945576007ACDF3 /* HZMusicPlayerTests */ = {
			isa = PBXNativeTarget;
			buildConfigurationList = E45BBA3D1C945576007ACDF3 /* Build configuration list for PBXNativeTarget "HZMusicPlayerTests" */;
			buildPhases = (
				E45BBA221C945576007ACDF3 /* Sources */,
				E45BBA231C945576007ACDF3 /* Frameworks */,
				E45BBA241C945576007ACDF3 /* Resources */,
			);
			buildRules = (
			);
			dependencies = (
				E45BBA281C945576007ACDF3 /* PBXTargetDependency */,
			);
			name = HZMusicPlayerTests;
			productName = HZMusicPlayerTests;
			productReference = E45BBA261C945576007ACDF3 /* HZMusicPlayerTests.xctest */;
			productType = "com.apple.product-type.bundle.unit-test";
		};
		E45BBA301C945576007ACDF3 /* HZMusicPlayerUITests */ = {
			isa = PBXNativeTarget;
			buildConfigurationList = E45BBA401C945576007ACDF3 /* Build configuration list for PBXNativeTarget "HZMusicPlayerUITests" */;
			buildPhases = (
				E45BBA2D1C945576007ACDF3 /* Sources */,
				E45BBA2E1C945576007ACDF3 /* Frameworks */,
				E45BBA2F1C945576007ACDF3 /* Resources */,
			);
			buildRules = (
			);
			dependencies = (
				E45BBA331C945576007ACDF3 /* PBXTargetDependency */,
			);
			name = HZMusicPlayerUITests;
			productName = HZMusicPlayerUITests;
			productReference = E45BBA311C945576007ACDF3 /* HZMusicPlayerUITests.xctest */;
			productType = "com.apple.product-type.bundle.ui-testing";
		};
/* End PBXNativeTarget section */

/* Begin PBXProject section */
		E45BBA051C945576007ACDF3 /* Project object */ = {
			isa = PBXProject;
			attributes = {
				LastUpgradeCheck = 0720;
				ORGANIZATIONNAME = e29hz;
				TargetAttributes = {
					E45BBA0C1C945576007ACDF3 = {
						CreatedOnToolsVersion = 7.2.1;
						DevelopmentTeam = 2EWQ7L7QV9;
					};
					E45BBA251C945576007ACDF3 = {
						CreatedOnToolsVersion = 7.2.1;
						DevelopmentTeam = 2EWQ7L7QV9;
						TestTargetID = E45BBA0C1C945576007ACDF3;
					};
					E45BBA301C945576007ACDF3 = {
						CreatedOnToolsVersion = 7.2.1;
						DevelopmentTeam = 2EWQ7L7QV9;
						TestTargetID = E45BBA0C1C945576007ACDF3;
					};
				};
			};
			buildConfigurationList = E45BBA081C945576007ACDF3 /* Build configuration list for PBXProject "HZMusicPlayer" */;
			compatibilityVersion = "Xcode 3.2";
			developmentRegion = English;
			hasScannedForEncodings = 0;
			knownRegions = (
				en,
				Base,
			);
			mainGroup = E45BBA041C945576007ACDF3;
			productRefGroup = E45BBA0E1C945576007ACDF3 /* Products */;
			projectDirPath = "";
			projectRoot = "";
			targets = (
				E45BBA0C1C945576007ACDF3 /* HZMusicPlayer */,
				E45BBA251C945576007ACDF3 /* HZMusicPlayerTests */,
				E45BBA301C945576007ACDF3 /* HZMusicPlayerUITests */,
			);
		};
/* End PBXProject section */

/* Begin PBXResourcesBuildPhase section */
		E45BBA0B1C945576007ACDF3 /* Resources */ = {
			isa = PBXResourcesBuildPhase;
			buildActionMask = 2147483647;
			files = (
				E45BBA201C945576007ACDF3 /* LaunchScreen.storyboard in Resources */,
				E45BBA1D1C945576007ACDF3 /* Assets.xcassets in Resources */,
				E45BBA1B1C945576007ACDF3 /* Main.storyboard in Resources */,
			);
			runOnlyForDeploymentPostprocessing = 0;
		};
		E45BBA241C945576007ACDF3 /* Resources */ = {
			isa = PBXResourcesBuildPhase;
			buildActionMask = 2147483647;
			files = (
			);
			runOnlyForDeploymentPostprocessing = 0;
		};
		E45BBA2F1C945576007ACDF3 /* Resources */ = {
			isa = PBXResourcesBuildPhase;
			buildActionMask = 2147483647;
			files = (
			);
			runOnlyForDeploymentPostprocessing = 0;
		};
/* End PBXResourcesBuildPhase section */

/* Begin PBXSourcesBuildPhase section */
		E45BBA091C945576007ACDF3 /* Sources */ = {
			isa = PBXSourcesBuildPhase;
			buildActionMask = 2147483647;
			files = (
				E45BBA181C945576007ACDF3 /* ViewController.m in Sources */,
				E45BBA151C945576007ACDF3 /* AppDelegate.m in Sources */,
				E45BBA121C945576007ACDF3 /* main.m in Sources */,
			);
			runOnlyForDeploymentPostprocessing = 0;
		};
		E45BBA221C945576007ACDF3 /* Sources */ = {
			isa = PBXSourcesBuildPhase;
			buildActionMask = 2147483647;
			files = (
				E45BBA2B1C945576007ACDF3 /* HZMusicPlayerTests.m in Sources */,
			);
			runOnlyForDeploymentPostprocessing = 0;
		};
		E45BBA2D1C945576007ACDF3 /* Sources */ = {
			isa = PBXSourcesBuildPhase;
			buildActionMask = 2147483647;
			files = (
				E45BBA361C945576007ACDF3 /* HZMusicPlayerUITests.m in Sources */,
			);
			runOnlyForDeploymentPostprocessing = 0;
		};
/* End PBXSourcesBuildPhase section */

/* Begin PBXTargetDependency section */
		E45BBA281C945576007ACDF3 /* PBXTargetDependency */ = {
			isa = PBXTargetDependency;
			target = E45BBA0C1C945576007ACDF3 /* HZMusicPlayer */;
			targetProxy = E45BBA271C945576007ACDF3 /* PBXContainerItemProxy */;
		};
		E45BBA331C945576007ACDF3 /* PBXTargetDependency */ = {
			isa = PBXTargetDependency;
			target = E45BBA0C1C945576007ACDF3 /* HZMusicPlayer */;
			targetProxy = E45BBA321C945576007ACDF3 /* PBXContainerItemProxy */;
		};
/* End PBXTargetDependency section */

/* Begin PBXVariantGroup section */
		E45BBA191C945576007ACDF3 /* Main.storyboard */ = {
			isa = PBXVariantGroup;
			children = (
				E45BBA1A1C945576007ACDF3 /* Base */,
			);
			name = Main.storyboard;
			sourceTree = "<group>";
		};
		E45BBA1E1C945576007ACDF3 /* LaunchScreen.storyboard */ = {
			isa = PBXVariantGroup;
			children = (
				E45BBA1F1C945576007ACDF3 /* Base */,
			);
			name = LaunchScreen.storyboard;
			sourceTree = "<group>";
		};
/* End PBXVariantGroup section */

/* Begin XCBuildConfiguration section */
		E45BBA381C945576007ACDF3 /* Debug */ = {
			isa = XCBuildConfiguration;
			buildSettings = {
				ALWAYS_SEARCH_USER_PATHS = NO;
				CLANG_CXX_LANGUAGE_STANDARD = "gnu++0x";
				CLANG_CXX_LIBRARY = "libc++";
				CLANG_ENABLE_MODULES = YES;
				CLANG_ENABLE_OBJC_ARC = YES;
				CLANG_WARN_BOOL_CONVERSION = YES;
				CLANG_WARN_CONSTANT_CONVERSION = YES;
				CLANG_WARN_DIRECT_OBJC_ISA_USAGE = YES_ERROR;
				CLANG_WARN_EMPTY_BODY = YES;
				CLANG_WARN_ENUM_CONVERSION = YES;
				CLANG_WARN_INT_CONVERSION = YES;
				CLANG_WARN_OBJC_ROOT_CLASS = YES_ERROR;
				CLANG_WARN_UNREACHABLE_CODE = YES;
				CLANG_WARN__DUPLICATE_METHOD_MATCH = YES;
				"CODE_SIGN_IDENTITY[sdk=iphoneos*]" = "iPhone Developer";
				COPY_PHASE_STRIP = NO;
				DEBUG_INFORMATION_FORMAT = dwarf;
				ENABLE_STRICT_OBJC_MSGSEND = YES;
				ENABLE_TESTABILITY = YES;
				GCC_C_LANGUAGE_STANDARD = gnu99;
				GCC_DYNAMIC_NO_PIC = NO;
				GCC_NO_COMMON_BLOCKS = YES;
				GCC_OPTIMIZATION_LEVEL = 0;
				GCC_PREPROCESSOR_DEFINITIONS = (
					"DEBUG=1",
					"$(inherited)",
				);
				GCC_WARN_64_TO_32_BIT_CONVERSION = YES;
				GCC_WARN_ABOUT_RETURN_TYPE = YES_ERROR;
				GCC_WARN_UNDECLARED_SELECTOR = YES;
				GCC_WARN_UNINITIALIZED_AUTOS = YES_AGGRESSIVE;
				GCC_WARN_UNUSED_FUNCTION = YES;
				GCC_WARN_UNUSED_VARIABLE = YES;
				IPHONEOS_DEPLOYMENT_TARGET = 9.2;
				MTL_ENABLE_DEBUG_INFO = YES;
				ONLY_ACTIVE_ARCH = YES;
				SDKROOT = iphoneos;
			};
			name = Debug;
		};
		E45BBA391C945576007ACDF3 /* Release */ = {
			isa = XCBuildConfiguration;
			buildSettings = {
				ALWAYS_SEARCH_USER_PATHS = NO;
				CLANG_CXX_LANGUAGE_STANDARD = "gnu++0x";
				CLANG_CXX_LIBRARY = "libc++";
				CLANG_ENABLE_MODULES = YES;
				CLANG_ENABLE_OBJC_ARC = YES;
				CLANG_WARN_BOOL_CONVERSION = YES;
				CLANG_WARN_CONSTANT_CONVERSION = YES;
				CLANG_WARN_DIRECT_OBJC_ISA_USAGE = YES_ERROR;
				CLANG_WARN_EMPTY_BODY = YES;
				CLANG_WARN_ENUM_CONVERSION = YES;
				CLANG_WARN_INT_CONVERSION = YES;
				CLANG_WARN_OBJC_ROOT_CLASS = YES_ERROR;
				CLANG_WARN_UNREACHABLE_CODE = YES;
				CLANG_WARN__DUPLICATE_METHOD_MATCH = YES;
				"CODE_SIGN_IDENTITY[sdk=iphoneos*]" = "iPhone Developer";
				COPY_PHASE_STRIP = NO;
				DEBUG_INFORMATION_FORMAT = "dwarf-with-dsym";
				ENABLE_NS_ASSERTIONS = NO;
				ENABLE_STRICT_OBJC_MSGSEND = YES;
				GCC_C_LANGUAGE_STANDARD = gnu99;
				GCC_NO_COMMON_BLOCKS = YES;
				GCC_WARN_64_TO_32_BIT_CONVERSION = YES;
				GCC_WARN_ABOUT_RETURN_TYPE = YES_ERROR;
				GCC_WARN_UNDECLARED_SELECTOR = YES;
				GCC_WARN_UNINITIALIZED_AUTOS = YES_AGGRESSIVE;
				GCC_WARN_UNUSED_FUNCTION = YES;
				GCC_WARN_UNUSED_VARIABLE = YES;
				IPHONEOS_DEPLOYMENT_TARGET = 9.2;
				MTL_ENABLE_DEBUG_INFO = NO;
				SDKROOT = iphoneos;
				VALIDATE_PRODUCT = YES;
			};
			name = Release;
		};
		E45BBA3B1C945576007ACDF3 /* Debug */ = {
			isa = XCBuildConfiguration;
			buildSettings = {
				ASSETCATALOG_COMPILER_APPICON_NAME = AppIcon;
				INFOPLIST_FILE = HZMusicPlayer/Info.plist;
				LD_RUNPATH_SEARCH_PATHS = "$(inherited) @executable_path/Frameworks";
				PRODUCT_BUNDLE_IDENTIFIER = com.e29hz.HZMusicPlayer;
				PRODUCT_NAME = "$(TARGET_NAME)";
			};
			name = Debug;
		};
		E45BBA3C1C945576007ACDF3 /* Release */ = {
			isa = XCBuildConfiguration;
			buildSettings = {
				ASSETCATALOG_COMPILER_APPICON_NAME = AppIcon;
				INFOPLIST_FILE = HZMusicPlayer/Info.plist;
				LD_RUNPATH_SEARCH_PATHS = "$(inherited) @executable_path/Frameworks";
				PRODUCT_BUNDLE_IDENTIFIER = com.e29hz.HZMusicPlayer;
				PRODUCT_NAME = "$(TARGET_NAME)";
			};
			name = Release;
		};
		E45BBA3E1C945576007ACDF3 /* Debug */ = {
			isa = XCBuildConfiguration;
			buildSettings = {
				BUNDLE_LOADER = "$(TEST_HOST)";
				INFOPLIST_FILE = HZMusicPlayerTests/Info.plist;
				LD_RUNPATH_SEARCH_PATHS = "$(inherited) @executable_path/Frameworks @loader_path/Frameworks";
				PRODUCT_BUNDLE_IDENTIFIER = com.e29hz.HZMusicPlayerTests;
				PRODUCT_NAME = "$(TARGET_NAME)";
				TEST_HOST = "$(BUILT_PRODUCTS_DIR)/HZMusicPlayer.app/HZMusicPlayer";
			};
			name = Debug;
		};
		E45BBA3F1C945576007ACDF3 /* Release */ = {
			isa = XCBuildConfiguration;
			buildSettings = {
				BUNDLE_LOADER = "$(TEST_HOST)";
				INFOPLIST_FILE = HZMusicPlayerTests/Info.plist;
				LD_RUNPATH_SEARCH_PATHS = "$(inherited) @executable_path/Frameworks @loader_path/Frameworks";
				PRODUCT_BUNDLE_IDENTIFIER = com.e29hz.HZMusicPlayerTests;
				PRODUCT_NAME = "$(TARGET_NAME)";
				TEST_HOST = "$(BUILT_PRODUCTS_DIR)/HZMusicPlayer.app/HZMusicPlayer";
			};
			name = Release;
		};
		E45BBA411C945576007ACDF3 /* Debug */ = {
			isa = XCBuildConfiguration;
			buildSettings = {
				INFOPLIST_FILE = HZMusicPlayerUITests/Info.plist;
				LD_RUNPATH_SEARCH_PATHS = "$(inherited) @executable_path/Frameworks @loader_path/Frameworks";
				PRODUCT_BUNDLE_IDENTIFIER = com.e29hz.HZMusicPlayerUITests;
				PRODUCT_NAME = "$(TARGET_NAME)";
				TEST_TARGET_NAME = HZMusicPlayer;
				USES_XCTRUNNER = YES;
			};
			name = Debug;
		};
		E45BBA421C945576007ACDF3 /* Release */ = {
			isa = XCBuildConfiguration;
			buildSettings = {
				INFOPLIST_FILE = HZMusicPlayerUITests/Info.plist;
				LD_RUNPATH_SEARCH_PATHS = "$(inherited) @executable_path/Frameworks @loader_path/Frameworks";
				PRODUCT_BUNDLE_IDENTIFIER = com.e29hz.HZMusicPlayerUITests;
				PRODUCT_NAME = "$(TARGET_NAME)";
				TEST_TARGET_NAME = HZMusicPlayer;
				USES_XCTRUNNER = YES;
			};
			name = Release;
		};
/* End XCBuildConfiguration section */

/* Begin XCConfigurationList section */
		E45BBA081C945576007ACDF3 /* Build configuration list for PBXProject "HZMusicPlayer" */ = {
			isa = XCConfigurationList;
			buildConfigurations = (
				E45BBA381C945576007ACDF3 /* Debug */,
				E45BBA391C945576007ACDF3 /* Release */,
			);
			defaultConfigurationIsVisible = 0;
			defaultConfigurationName = Release;
		};
		E45BBA3A1C945576007ACDF3 /* Build configuration list for PBXNativeTarget "HZMusicPlayer" */ = {
			isa = XCConfigurationList;
			buildConfigurations = (
				E45BBA3B1C945576007ACDF3 /* Debug */,
				E45BBA3C1C945576007ACDF3 /* Release */,
			);
			defaultConfigurationIsVisible = 0;
		};
		E45BBA3D1C945576007ACDF3 /* Build configuration list for PBXNativeTarget "HZMusicPlayerTests" */ = {
			isa = XCConfigurationList;
			buildConfigurations = (
				E45BBA3E1C945576007ACDF3 /* Debug */,
				E45BBA3F1C945576007ACDF3 /* Release */,
			);
			defaultConfigurationIsVisible = 0;
		};
		E45BBA401C945576007ACDF3 /* Build configuration list for PBXNativeTarget "HZMusicPlayerUITests" */ = {
			isa = XCConfigurationList;
			buildConfigurations = (
				E45BBA411C945576007ACDF3 /* Debug */,
				E45BBA421C945576007ACDF3 /* Release */,
			);
			defaultConfigurationIsVisible = 0;
		};
/* End XCConfigurationList section */
	};
	rootObject = E45BBA051C945576007ACDF3 /* Project object */;
}
